Microsoft Visual Studio Solution File, Format Version 12.00
# Visual Studio Version 16
VisualStudioVersion = 16.0.31313.79
MinimumVisualStudioVersion = 10.0.40219.1
Project("{FAE04EC0-301F-11D3-BF4B-00C04F79EFBC}") = "Camera2VideoSample", "Camera2VideoSample\Camera2VideoSample.csproj", "{11E9FAD2-1DA1-4ED0-ABA9-F8A37161F4DF}"
EndProject
Global
	GlobalSection(SolutionConfigurationPlatforms) = preSolution
		Debug|Any CPU = Debug|Any CPU
		Release|Any CPU = Release|Any CPU
	EndGlobalSection
	GlobalSection(ProjectConfigurationPlatforms) = postSolution
		{11E9FAD2-1DA1-4ED0-ABA9-F8A37161F4DF}.Debug|Any CPU.ActiveCfg = Debug|Any CPU
		{11E9FAD2-1DA1-4ED0-ABA9-F8A37161F4DF}.Debug|Any CPU.Build.0 = Debug|Any CPU
		{11E9FAD2-1DA1-4ED0-ABA9-F8A37161F4DF}.Debug|Any CPU.Deploy.0 = Debug|Any CPU
		{11E9FAD2-1DA1-4ED0-ABA9-F8A37161F4DF}.Release|Any CPU.ActiveCfg = Release|Any CPU
		{11E9FAD2-1DA1-4ED0-ABA9-F8A37161F4DF}.Release|Any CPU.Build.0 = Release|Any CPU
	EndGlobalSection
	GlobalSection(SolutionProperties) = preSolution
		HideSolutionNode = FALSE
	EndGlobalSection
	GlobalSection(ExtensibilityGlobals) = postSolution
		SolutionGuid = {6375C340-6EC6-4033-94AA-3BE2537E1A92}
	EndGlobalSection
	GlobalSection(MonoDevelopProperties) = preSolution
		StartupItem = Camera2VideoSample\Camera2VideoSample.csproj
	EndGlobalSection
EndGlobal
