
Microsoft Visual Studio Solution File, Format Version 12.00
# Visual Studio 15
VisualStudioVersion = 15.0.27004.2006
MinimumVisualStudioVersion = 10.0.40219.1
Project("{FAE04EC0-301F-11D3-BF4B-00C04F79EFBC}") = "SubCTools.Droid", "SubCTools.Droid.csproj", "{3A4111E9-EF7A-4EF0-983D-0E1A15D7F84F}"
EndProject
Project("{FAE04EC0-301F-11D3-BF4B-00C04F79EFBC}") = "SubCTools", "SubCTools\SubCTools.csproj", "{341E689C-DAFE-4FC8-99A5-8DF94C3B0444}"
EndProject
Project("{FAE04EC0-301F-11D3-BF4B-00C04F79EFBC}") = "SubCTools.Droid.UnitTests", "SubCTools.Droid.UnitTests\SubCTools.Droid.UnitTests.csproj", "{341F45C3-3AE8-4AFB-B90C-27D34557FBAB}"
EndProject
Global
	GlobalSection(SolutionConfigurationPlatforms) = preSolution
		Debug|Any CPU = Debug|Any CPU
		Debug|x86 = Debug|x86
		Obfuscated|Any CPU = Obfuscated|Any CPU
		Obfuscated|x86 = Obfuscated|x86
		Release|Any CPU = Release|Any CPU
		Release|x86 = Release|x86
	EndGlobalSection
	GlobalSection(ProjectConfigurationPlatforms) = postSolution
		{3A4111E9-EF7A-4EF0-983D-0E1A15D7F84F}.Debug|Any CPU.ActiveCfg = Debug|Any CPU
		{3A4111E9-EF7A-4EF0-983D-0E1A15D7F84F}.Debug|Any CPU.Build.0 = Debug|Any CPU
		{3A4111E9-EF7A-4EF0-983D-0E1A15D7F84F}.Debug|x86.ActiveCfg = Debug|Any CPU
		{3A4111E9-EF7A-4EF0-983D-0E1A15D7F84F}.Debug|x86.Build.0 = Debug|Any CPU
		{3A4111E9-EF7A-4EF0-983D-0E1A15D7F84F}.Obfuscated|Any CPU.ActiveCfg = Release|Any CPU
		{3A4111E9-EF7A-4EF0-983D-0E1A15D7F84F}.Obfuscated|Any CPU.Build.0 = Release|Any CPU
		{3A4111E9-EF7A-4EF0-983D-0E1A15D7F84F}.Obfuscated|x86.ActiveCfg = Release|Any CPU
		{3A4111E9-EF7A-4EF0-983D-0E1A15D7F84F}.Obfuscated|x86.Build.0 = Release|Any CPU
		{3A4111E9-EF7A-4EF0-983D-0E1A15D7F84F}.Release|Any CPU.ActiveCfg = Release|Any CPU
		{3A4111E9-EF7A-4EF0-983D-0E1A15D7F84F}.Release|Any CPU.Build.0 = Release|Any CPU
		{3A4111E9-EF7A-4EF0-983D-0E1A15D7F84F}.Release|x86.ActiveCfg = Release|Any CPU
		{3A4111E9-EF7A-4EF0-983D-0E1A15D7F84F}.Release|x86.Build.0 = Release|Any CPU
		{341E689C-DAFE-4FC8-99A5-8DF94C3B0444}.Debug|Any CPU.ActiveCfg = Debug|Any CPU
		{341E689C-DAFE-4FC8-99A5-8DF94C3B0444}.Debug|Any CPU.Build.0 = Debug|Any CPU
		{341E689C-DAFE-4FC8-99A5-8DF94C3B0444}.Debug|x86.ActiveCfg = Debug|x86
		{341E689C-DAFE-4FC8-99A5-8DF94C3B0444}.Debug|x86.Build.0 = Debug|x86
		{341E689C-DAFE-4FC8-99A5-8DF94C3B0444}.Obfuscated|Any CPU.ActiveCfg = Obfuscated|Any CPU
		{341E689C-DAFE-4FC8-99A5-8DF94C3B0444}.Obfuscated|Any CPU.Build.0 = Obfuscated|Any CPU
		{341E689C-DAFE-4FC8-99A5-8DF94C3B0444}.Obfuscated|x86.ActiveCfg = Obfuscated|x86
		{341E689C-DAFE-4FC8-99A5-8DF94C3B0444}.Obfuscated|x86.Build.0 = Obfuscated|x86
		{341E689C-DAFE-4FC8-99A5-8DF94C3B0444}.Release|Any CPU.ActiveCfg = Release|Any CPU
		{341E689C-DAFE-4FC8-99A5-8DF94C3B0444}.Release|Any CPU.Build.0 = Release|Any CPU
		{341E689C-DAFE-4FC8-99A5-8DF94C3B0444}.Release|x86.ActiveCfg = Release|x86
		{341E689C-DAFE-4FC8-99A5-8DF94C3B0444}.Release|x86.Build.0 = Release|x86
		{341F45C3-3AE8-4AFB-B90C-27D34557FBAB}.Debug|Any CPU.ActiveCfg = Debug|Any CPU
		{341F45C3-3AE8-4AFB-B90C-27D34557FBAB}.Debug|Any CPU.Build.0 = Debug|Any CPU
		{341F45C3-3AE8-4AFB-B90C-27D34557FBAB}.Debug|Any CPU.Deploy.0 = Debug|Any CPU
		{341F45C3-3AE8-4AFB-B90C-27D34557FBAB}.Debug|x86.ActiveCfg = Debug|Any CPU
		{341F45C3-3AE8-4AFB-B90C-27D34557FBAB}.Debug|x86.Build.0 = Debug|Any CPU
		{341F45C3-3AE8-4AFB-B90C-27D34557FBAB}.Debug|x86.Deploy.0 = Debug|Any CPU
		{341F45C3-3AE8-4AFB-B90C-27D34557FBAB}.Obfuscated|Any CPU.ActiveCfg = Release|Any CPU
		{341F45C3-3AE8-4AFB-B90C-27D34557FBAB}.Obfuscated|Any CPU.Build.0 = Release|Any CPU
		{341F45C3-3AE8-4AFB-B90C-27D34557FBAB}.Obfuscated|Any CPU.Deploy.0 = Release|Any CPU
		{341F45C3-3AE8-4AFB-B90C-27D34557FBAB}.Obfuscated|x86.ActiveCfg = Release|Any CPU
		{341F45C3-3AE8-4AFB-B90C-27D34557FBAB}.Obfuscated|x86.Build.0 = Release|Any CPU
		{341F45C3-3AE8-4AFB-B90C-27D34557FBAB}.Obfuscated|x86.Deploy.0 = Release|Any CPU
		{341F45C3-3AE8-4AFB-B90C-27D34557FBAB}.Release|Any CPU.ActiveCfg = Release|Any CPU
		{341F45C3-3AE8-4AFB-B90C-27D34557FBAB}.Release|Any CPU.Build.0 = Release|Any CPU
		{341F45C3-3AE8-4AFB-B90C-27D34557FBAB}.Release|Any CPU.Deploy.0 = Release|Any CPU
		{341F45C3-3AE8-4AFB-B90C-27D34557FBAB}.Release|x86.ActiveCfg = Release|Any CPU
		{341F45C3-3AE8-4AFB-B90C-27D34557FBAB}.Release|x86.Build.0 = Release|Any CPU
		{341F45C3-3AE8-4AFB-B90C-27D34557FBAB}.Release|x86.Deploy.0 = Release|Any CPU
	EndGlobalSection
	GlobalSection(SolutionProperties) = preSolution
		HideSolutionNode = FALSE
	EndGlobalSection
	GlobalSection(ExtensibilityGlobals) = postSolution
		SolutionGuid = {E41B65C5-8FAB-4EBF-83A7-7686391C1E2B}
	EndGlobalSection
EndGlobal
